
Microsoft Visual Studio Solution File, Format Version 12.00
# Visual Studio 15
VisualStudioVersion = 15.0.33026.149
MinimumVisualStudioVersion = 10.0.40219.1
Project("{FAE04EC0-301F-11D3-BF4B-00C04F79EFBC}") = "Culminating", "Culminating\Culminating.csproj", "{966C845F-69A7-4C39-871E-274D2FCA07C1}"
EndProject
Global
	GlobalSection(SolutionConfigurationPlatforms) = preSolution
		Debug|Any CPU = Debug|Any CPU
		Release|Any CPU = Release|Any CPU
	EndGlobalSection
	GlobalSection(ProjectConfigurationPlatforms) = postSolution
		{966C845F-69A7-4C39-871E-274D2FCA07C1}.Debug|Any CPU.ActiveCfg = Debug|Any CPU
		{966C845F-69A7-4C39-871E-274D2FCA07C1}.Debug|Any CPU.Build.0 = Debug|Any CPU
		{966C845F-69A7-4C39-871E-274D2FCA07C1}.Release|Any CPU.ActiveCfg = Release|Any CPU
		{966C845F-69A7-4C39-871E-274D2FCA07C1}.Release|Any CPU.Build.0 = Release|Any CPU
	EndGlobalSection
	GlobalSection(SolutionProperties) = preSolution
		HideSolutionNode = FALSE
	EndGlobalSection
	GlobalSection(ExtensibilityGlobals) = postSolution
		SolutionGuid = {FE690EDF-728C-4593-B2B2-4EB795A92238}
	EndGlobalSection
EndGlobal
